
Microsoft Visual Studio Solution File, Format Version 12.00
# Visual Studio Version 17
VisualStudioVersion = 17.5.33530.505
MinimumVisualStudioVersion = 10.0.40219.1
Project("{FAE04EC0-301F-11D3-BF4B-00C04F79EFBC}") = "LibraryHelper", "LibraryHelper\LibraryHelper.csproj", "{76341279-9025-4A8A-BB4C-78C0B1A1708C}"
EndProject
Project("{FAE04EC0-301F-11D3-BF4B-00C04F79EFBC}") = "AppMMCV", "AppMMCV\AppMMCV.csproj", "{416A5375-34F9-4273-8C19-5E03734A18B3}"
EndProject
Global
	GlobalSection(SolutionConfigurationPlatforms) = preSolution
		Debug|Any CPU = Debug|Any CPU
		Release|Any CPU = Release|Any CPU
	EndGlobalSection
	GlobalSection(ProjectConfigurationPlatforms) = postSolution
		{76341279-9025-4A8A-BB4C-78C0B1A1708C}.Debug|Any CPU.ActiveCfg = Debug|Any CPU
		{76341279-9025-4A8A-BB4C-78C0B1A1708C}.Debug|Any CPU.Build.0 = Debug|Any CPU
		{76341279-9025-4A8A-BB4C-78C0B1A1708C}.Release|Any CPU.ActiveCfg = Release|Any CPU
		{76341279-9025-4A8A-BB4C-78C0B1A1708C}.Release|Any CPU.Build.0 = Release|Any CPU
		{416A5375-34F9-4273-8C19-5E03734A18B3}.Debug|Any CPU.ActiveCfg = Debug|Any CPU
		{416A5375-34F9-4273-8C19-5E03734A18B3}.Debug|Any CPU.Build.0 = Debug|Any CPU
		{416A5375-34F9-4273-8C19-5E03734A18B3}.Release|Any CPU.ActiveCfg = Release|Any CPU
		{416A5375-34F9-4273-8C19-5E03734A18B3}.Release|Any CPU.Build.0 = Release|Any CPU
	EndGlobalSection
	GlobalSection(SolutionProperties) = preSolution
		HideSolutionNode = FALSE
	EndGlobalSection
	GlobalSection(ExtensibilityGlobals) = postSolution
		SolutionGuid = {004E1AD6-B3C9-4324-B418-EB7BE1D3AB76}
	EndGlobalSection
EndGlobal
