
Microsoft Visual Studio Solution File, Format Version 12.00
# Visual Studio Version 17
VisualStudioVersion = 17.5.33530.505
MinimumVisualStudioVersion = 10.0.40219.1
Project("{FAE04EC0-301F-11D3-BF4B-00C04F79EFBC}") = "App_TransferEZ", "App_TransferEZ\App_TransferEZ.csproj", "{4E37523D-C02C-4E93-94B5-BEE2D2D2AC8B}"
EndProject
Global
	GlobalSection(SolutionConfigurationPlatforms) = preSolution
		Debug|Any CPU = Debug|Any CPU
		Release|Any CPU = Release|Any CPU
	EndGlobalSection
	GlobalSection(ProjectConfigurationPlatforms) = postSolution
		{4E37523D-C02C-4E93-94B5-BEE2D2D2AC8B}.Debug|Any CPU.ActiveCfg = Debug|Any CPU
		{4E37523D-C02C-4E93-94B5-BEE2D2D2AC8B}.Debug|Any CPU.Build.0 = Debug|Any CPU
		{4E37523D-C02C-4E93-94B5-BEE2D2D2AC8B}.Release|Any CPU.ActiveCfg = Release|Any CPU
		{4E37523D-C02C-4E93-94B5-BEE2D2D2AC8B}.Release|Any CPU.Build.0 = Release|Any CPU
	EndGlobalSection
	GlobalSection(SolutionProperties) = preSolution
		HideSolutionNode = FALSE
	EndGlobalSection
	GlobalSection(ExtensibilityGlobals) = postSolution
		SolutionGuid = {3DA1602A-667B-4A30-BC6C-7B05011DFB87}
	EndGlobalSection
EndGlobal
